
Microsoft Visual Studio Solution File, Format Version 12.00
# Visual Studio Version 17
VisualStudioVersion = 17.0.31903.59
MinimumVisualStudioVersion = 10.0.40219.1
Project("{FAE04EC0-301F-11D3-BF4B-00C04F79EFBC}") = "API", "API\API.csproj", "{907E705F-E825-4548-A2F4-521E357FBF41}"
EndProject
Project("{FAE04EC0-301F-11D3-BF4B-00C04F79EFBC}") = "Application", "Application\Application.csproj", "{87395506-A0E8-4D53-974E-E907D224854E}"
EndProject
Project("{FAE04EC0-301F-11D3-BF4B-00C04F79EFBC}") = "Domain", "Domain\Domain.csproj", "{4DD0246F-F7FA-4FD6-A84A-853D2BAAC3E3}"
EndProject
Project("{FAE04EC0-301F-11D3-BF4B-00C04F79EFBC}") = "Persistence", "Persistence\Persistence.csproj", "{354456C8-49E9-4287-8689-FEF3E49553BA}"
EndProject
Global
	GlobalSection(SolutionConfigurationPlatforms) = preSolution
		Debug|Any CPU = Debug|Any CPU
		Release|Any CPU = Release|Any CPU
	EndGlobalSection
	GlobalSection(SolutionProperties) = preSolution
		HideSolutionNode = FALSE
	EndGlobalSection
	GlobalSection(ProjectConfigurationPlatforms) = postSolution
		{907E705F-E825-4548-A2F4-521E357FBF41}.Debug|Any CPU.ActiveCfg = Debug|Any CPU
		{907E705F-E825-4548-A2F4-521E357FBF41}.Debug|Any CPU.Build.0 = Debug|Any CPU
		{907E705F-E825-4548-A2F4-521E357FBF41}.Release|Any CPU.ActiveCfg = Release|Any CPU
		{907E705F-E825-4548-A2F4-521E357FBF41}.Release|Any CPU.Build.0 = Release|Any CPU
		{87395506-A0E8-4D53-974E-E907D224854E}.Debug|Any CPU.ActiveCfg = Debug|Any CPU
		{87395506-A0E8-4D53-974E-E907D224854E}.Debug|Any CPU.Build.0 = Debug|Any CPU
		{87395506-A0E8-4D53-974E-E907D224854E}.Release|Any CPU.ActiveCfg = Release|Any CPU
		{87395506-A0E8-4D53-974E-E907D224854E}.Release|Any CPU.Build.0 = Release|Any CPU
		{4DD0246F-F7FA-4FD6-A84A-853D2BAAC3E3}.Debug|Any CPU.ActiveCfg = Debug|Any CPU
		{4DD0246F-F7FA-4FD6-A84A-853D2BAAC3E3}.Debug|Any CPU.Build.0 = Debug|Any CPU
		{4DD0246F-F7FA-4FD6-A84A-853D2BAAC3E3}.Release|Any CPU.ActiveCfg = Release|Any CPU
		{4DD0246F-F7FA-4FD6-A84A-853D2BAAC3E3}.Release|Any CPU.Build.0 = Release|Any CPU
		{354456C8-49E9-4287-8689-FEF3E49553BA}.Debug|Any CPU.ActiveCfg = Debug|Any CPU
		{354456C8-49E9-4287-8689-FEF3E49553BA}.Debug|Any CPU.Build.0 = Debug|Any CPU
		{354456C8-49E9-4287-8689-FEF3E49553BA}.Release|Any CPU.ActiveCfg = Release|Any CPU
		{354456C8-49E9-4287-8689-FEF3E49553BA}.Release|Any CPU.Build.0 = Release|Any CPU
	EndGlobalSection
EndGlobal
